
Microsoft Visual Studio Solution File, Format Version 12.00
# Visual Studio Version 17
VisualStudioVersion = 17.0.31903.59
MinimumVisualStudioVersion = 10.0.40219.1
Project("{2150E333-8FDC-42A3-9474-1A3956D46DE8}") = "src", "src", "{827E0CD3-B72D-47B6-A68D-7590B98EB39B}"
EndProject
Project("{FAE04EC0-301F-11D3-BF4B-00C04F79EFBC}") = "OpenClawApi.Domain", "src\OpenClawApi.Domain\OpenClawApi.Domain.csproj", "{549725CA-AA6D-41A4-90AD-98F43CCB9F7B}"
EndProject
Project("{FAE04EC0-301F-11D3-BF4B-00C04F79EFBC}") = "OpenClawApi.Application", "src\OpenClawApi.Application\OpenClawApi.Application.csproj", "{D71333E9-0164-42D0-9154-2207B3E79E25}"
EndProject
Project("{FAE04EC0-301F-11D3-BF4B-00C04F79EFBC}") = "OpenClawApi.Infrastructure", "src\OpenClawApi.Infrastructure\OpenClawApi.Infrastructure.csproj", "{C0BDCEDD-78C8-406D-B472-F55656573CC8}"
EndProject
Project("{FAE04EC0-301F-11D3-BF4B-00C04F79EFBC}") = "OpenClawApi.Api", "src\OpenClawApi.Api\OpenClawApi.Api.csproj", "{331DFE4C-3DD8-4875-84CB-15BE3F739912}"
EndProject
Project("{FAE04EC0-301F-11D3-BF4B-00C04F79EFBC}") = "OpenClawApi.Application.Tests", "tests\OpenClawApi.Application.Tests\OpenClawApi.Application.Tests.csproj", "{3B64E3A7-0B75-4049-837F-1DA348CE7C50}"
EndProject
Project("{FAE04EC0-301F-11D3-BF4B-00C04F79EFBC}") = "OpenClawApi.Api.Tests", "tests\OpenClawApi.Api.Tests\OpenClawApi.Api.Tests.csproj", "{E28A1D2E-DEAF-4320-96E0-C001AA6D11C6}"
EndProject
Global
	GlobalSection(SolutionConfigurationPlatforms) = preSolution
		Debug|Any CPU = Debug|Any CPU
		Debug|x64 = Debug|x64
		Debug|x86 = Debug|x86
		Release|Any CPU = Release|Any CPU
		Release|x64 = Release|x64
		Release|x86 = Release|x86
	EndGlobalSection
	GlobalSection(ProjectConfigurationPlatforms) = postSolution
		{549725CA-AA6D-41A4-90AD-98F43CCB9F7B}.Debug|Any CPU.ActiveCfg = Debug|Any CPU
		{549725CA-AA6D-41A4-90AD-98F43CCB9F7B}.Debug|Any CPU.Build.0 = Debug|Any CPU
		{549725CA-AA6D-41A4-90AD-98F43CCB9F7B}.Debug|x64.ActiveCfg = Debug|Any CPU
		{549725CA-AA6D-41A4-90AD-98F43CCB9F7B}.Debug|x64.Build.0 = Debug|Any CPU
		{549725CA-AA6D-41A4-90AD-98F43CCB9F7B}.Debug|x86.ActiveCfg = Debug|Any CPU
		{549725CA-AA6D-41A4-90AD-98F43CCB9F7B}.Debug|x86.Build.0 = Debug|Any CPU
		{549725CA-AA6D-41A4-90AD-98F43CCB9F7B}.Release|Any CPU.ActiveCfg = Release|Any CPU
		{549725CA-AA6D-41A4-90AD-98F43CCB9F7B}.Release|Any CPU.Build.0 = Release|Any CPU
		{549725CA-AA6D-41A4-90AD-98F43CCB9F7B}.Release|x64.ActiveCfg = Release|Any CPU
		{549725CA-AA6D-41A4-90AD-98F43CCB9F7B}.Release|x64.Build.0 = Release|Any CPU
		{549725CA-AA6D-41A4-90AD-98F43CCB9F7B}.Release|x86.ActiveCfg = Release|Any CPU
		{549725CA-AA6D-41A4-90AD-98F43CCB9F7B}.Release|x86.Build.0 = Release|Any CPU
		{D71333E9-0164-42D0-9154-2207B3E79E25}.Debug|Any CPU.ActiveCfg = Debug|Any CPU
		{D71333E9-0164-42D0-9154-2207B3E79E25}.Debug|Any CPU.Build.0 = Debug|Any CPU
		{D71333E9-0164-42D0-9154-2207B3E79E25}.Debug|x64.ActiveCfg = Debug|Any CPU
		{D71333E9-0164-42D0-9154-2207B3E79E25}.Debug|x64.Build.0 = Debug|Any CPU
		{D71333E9-0164-42D0-9154-2207B3E79E25}.Debug|x86.ActiveCfg = Debug|Any CPU
		{D71333E9-0164-42D0-9154-2207B3E79E25}.Debug|x86.Build.0 = Debug|Any CPU
		{D71333E9-0164-42D0-9154-2207B3E79E25}.Release|Any CPU.ActiveCfg = Release|Any CPU
		{D71333E9-0164-42D0-9154-2207B3E79E25}.Release|Any CPU.Build.0 = Release|Any CPU
		{D71333E9-0164-42D0-9154-2207B3E79E25}.Release|x64.ActiveCfg = Release|Any CPU
		{D71333E9-0164-42D0-9154-2207B3E79E25}.Release|x64.Build.0 = Release|Any CPU
		{D71333E9-0164-42D0-9154-2207B3E79E25}.Release|x86.ActiveCfg = Release|Any CPU
		{D71333E9-0164-42D0-9154-2207B3E79E25}.Release|x86.Build.0 = Release|Any CPU
		{C0BDCEDD-78C8-406D-B472-F55656573CC8}.Debug|Any CPU.ActiveCfg = Debug|Any CPU
		{C0BDCEDD-78C8-406D-B472-F55656573CC8}.Debug|Any CPU.Build.0 = Debug|Any CPU
		{C0BDCEDD-78C8-406D-B472-F55656573CC8}.Debug|x64.ActiveCfg = Debug|Any CPU
		{C0BDCEDD-78C8-406D-B472-F55656573CC8}.Debug|x64.Build.0 = Debug|Any CPU
		{C0BDCEDD-78C8-406D-B472-F55656573CC8}.Debug|x86.ActiveCfg = Debug|Any CPU
		{C0BDCEDD-78C8-406D-B472-F55656573CC8}.Debug|x86.Build.0 = Debug|Any CPU
		{C0BDCEDD-78C8-406D-B472-F55656573CC8}.Release|Any CPU.ActiveCfg = Release|Any CPU
		{C0BDCEDD-78C8-406D-B472-F55656573CC8}.Release|Any CPU.Build.0 = Release|Any CPU
		{C0BDCEDD-78C8-406D-B472-F55656573CC8}.Release|x64.ActiveCfg = Release|Any CPU
		{C0BDCEDD-78C8-406D-B472-F55656573CC8}.Release|x64.Build.0 = Release|Any CPU
		{C0BDCEDD-78C8-406D-B472-F55656573CC8}.Release|x86.ActiveCfg = Release|Any CPU
		{C0BDCEDD-78C8-406D-B472-F55656573CC8}.Release|x86.Build.0 = Release|Any CPU
		{331DFE4C-3DD8-4875-84CB-15BE3F739912}.Debug|Any CPU.ActiveCfg = Debug|Any CPU
		{331DFE4C-3DD8-4875-84CB-15BE3F739912}.Debug|Any CPU.Build.0 = Debug|Any CPU
		{331DFE4C-3DD8-4875-84CB-15BE3F739912}.Debug|x64.ActiveCfg = Debug|Any CPU
		{331DFE4C-3DD8-4875-84CB-15BE3F739912}.Debug|x64.Build.0 = Debug|Any CPU
		{331DFE4C-3DD8-4875-84CB-15BE3F739912}.Debug|x86.ActiveCfg = Debug|Any CPU
		{331DFE4C-3DD8-4875-84CB-15BE3F739912}.Debug|x86.Build.0 = Debug|Any CPU
		{331DFE4C-3DD8-4875-84CB-15BE3F739912}.Release|Any CPU.ActiveCfg = Release|Any CPU
		{331DFE4C-3DD8-4875-84CB-15BE3F739912}.Release|Any CPU.Build.0 = Release|Any CPU
		{331DFE4C-3DD8-4875-84CB-15BE3F739912}.Release|x64.ActiveCfg = Release|Any CPU
		{331DFE4C-3DD8-4875-84CB-15BE3F739912}.Release|x64.Build.0 = Release|Any CPU
		{331DFE4C-3DD8-4875-84CB-15BE3F739912}.Release|x86.ActiveCfg = Release|Any CPU
		{331DFE4C-3DD8-4875-84CB-15BE3F739912}.Release|x86.Build.0 = Release|Any CPU
		{3B64E3A7-0B75-4049-837F-1DA348CE7C50}.Debug|Any CPU.ActiveCfg = Debug|Any CPU
		{3B64E3A7-0B75-4049-837F-1DA348CE7C50}.Debug|Any CPU.Build.0 = Debug|Any CPU
		{3B64E3A7-0B75-4049-837F-1DA348CE7C50}.Debug|x64.ActiveCfg = Debug|Any CPU
		{3B64E3A7-0B75-4049-837F-1DA348CE7C50}.Debug|x64.Build.0 = Debug|Any CPU
		{3B64E3A7-0B75-4049-837F-1DA348CE7C50}.Debug|x86.ActiveCfg = Debug|Any CPU
		{3B64E3A7-0B75-4049-837F-1DA348CE7C50}.Debug|x86.Build.0 = Debug|Any CPU
		{3B64E3A7-0B75-4049-837F-1DA348CE7C50}.Release|Any CPU.ActiveCfg = Release|Any CPU
		{3B64E3A7-0B75-4049-837F-1DA348CE7C50}.Release|Any CPU.Build.0 = Release|Any CPU
		{3B64E3A7-0B75-4049-837F-1DA348CE7C50}.Release|x64.ActiveCfg = Release|Any CPU
		{3B64E3A7-0B75-4049-837F-1DA348CE7C50}.Release|x64.Build.0 = Release|Any CPU
		{3B64E3A7-0B75-4049-837F-1DA348CE7C50}.Release|x86.ActiveCfg = Release|Any CPU
		{3B64E3A7-0B75-4049-837F-1DA348CE7C50}.Release|x86.Build.0 = Release|Any CPU
		{E28A1D2E-DEAF-4320-96E0-C001AA6D11C6}.Debug|Any CPU.ActiveCfg = Debug|Any CPU
		{E28A1D2E-DEAF-4320-96E0-C001AA6D11C6}.Debug|Any CPU.Build.0 = Debug|Any CPU
		{E28A1D2E-DEAF-4320-96E0-C001AA6D11C6}.Debug|x64.ActiveCfg = Debug|Any CPU
		{E28A1D2E-DEAF-4320-96E0-C001AA6D11C6}.Debug|x64.Build.0 = Debug|Any CPU
		{E28A1D2E-DEAF-4320-96E0-C001AA6D11C6}.Debug|x86.ActiveCfg = Debug|Any CPU
		{E28A1D2E-DEAF-4320-96E0-C001AA6D11C6}.Debug|x86.Build.0 = Debug|Any CPU
		{E28A1D2E-DEAF-4320-96E0-C001AA6D11C6}.Release|Any CPU.ActiveCfg = Release|Any CPU
		{E28A1D2E-DEAF-4320-96E0-C001AA6D11C6}.Release|Any CPU.Build.0 = Release|Any CPU
		{E28A1D2E-DEAF-4320-96E0-C001AA6D11C6}.Release|x64.ActiveCfg = Release|Any CPU
		{E28A1D2E-DEAF-4320-96E0-C001AA6D11C6}.Release|x64.Build.0 = Release|Any CPU
		{E28A1D2E-DEAF-4320-96E0-C001AA6D11C6}.Release|x86.ActiveCfg = Release|Any CPU
		{E28A1D2E-DEAF-4320-96E0-C001AA6D11C6}.Release|x86.Build.0 = Release|Any CPU
	EndGlobalSection
	GlobalSection(SolutionProperties) = preSolution
		HideSolutionNode = FALSE
	EndGlobalSection
	GlobalSection(NestedProjects) = preSolution
		{549725CA-AA6D-41A4-90AD-98F43CCB9F7B} = {827E0CD3-B72D-47B6-A68D-7590B98EB39B}
		{D71333E9-0164-42D0-9154-2207B3E79E25} = {827E0CD3-B72D-47B6-A68D-7590B98EB39B}
		{C0BDCEDD-78C8-406D-B472-F55656573CC8} = {827E0CD3-B72D-47B6-A68D-7590B98EB39B}
		{331DFE4C-3DD8-4875-84CB-15BE3F739912} = {827E0CD3-B72D-47B6-A68D-7590B98EB39B}
		{3B64E3A7-0B75-4049-837F-1DA348CE7C50} = {827E0CD3-B72D-47B6-A68D-7590B98EB39B}
		{E28A1D2E-DEAF-4320-96E0-C001AA6D11C6} = {827E0CD3-B72D-47B6-A68D-7590B98EB39B}
	EndGlobalSection
EndGlobal
